{
  "name": "koffi-cream-monorepo",
  "version": "2.13.0",
  "lockfileVersion": 3,
  "requires": true,
  "packages": {
    "": {
      "name": "koffi-cream-monorepo",
      "version": "2.13.0",
      "license": "MIT",
      "workspaces": [
        "./packages/@koffi/*",
        "./packages/koffi-cream"
      ],
      "devDependencies": {
        "@septh/ts-run": "^2.0.0",
        "@types/node": "^22.14.1",
        "@types/semver": "^7.7.0",
        "koffi": "^2.11.0",
        "magic-json": "^1.1.4",
        "nano-spawn": "^1.0.1",
        "semver": "^7.7.1"
      }
    },
    "node_modules/@septh/koffi-darwin-arm64": {
      "resolved": "packages/@koffi/darwin-arm64",
      "link": true
    },
    "node_modules/@septh/koffi-darwin-x64": {
      "resolved": "packages/@koffi/darwin-x64",
      "link": true
    },
    "node_modules/@septh/koffi-freebsd-arm64": {
      "resolved": "packages/@koffi/freebsd-arm64",
      "link": true
    },
    "node_modules/@septh/koffi-freebsd-x64": {
      "resolved": "packages/@koffi/freebsd-x64",
      "link": true
    },
    "node_modules/@septh/koffi-linux-arm64-glibc": {
      "resolved": "packages/@koffi/linux-arm64-glibc",
      "link": true
    },
    "node_modules/@septh/koffi-linux-arm64-musl": {
      "resolved": "packages/@koffi/linux-arm64-musl",
      "link": true
    },
    "node_modules/@septh/koffi-linux-loong64": {
      "resolved": "packages/@koffi/linux-loong64",
      "link": true
    },
    "node_modules/@septh/koffi-linux-riscv64": {
      "resolved": "packages/@koffi/linux-riscv64",
      "link": true
    },
    "node_modules/@septh/koffi-linux-x64-glibc": {
      "resolved": "packages/@koffi/linux-x64-glibc",
      "link": true
    },
    "node_modules/@septh/koffi-linux-x64-musl": {
      "resolved": "packages/@koffi/linux-x64-musl",
      "link": true
    },
    "node_modules/@septh/koffi-openbsd-x64": {
      "resolved": "packages/@koffi/openbsd-x64",
      "link": true
    },
    "node_modules/@septh/koffi-win32-arm64": {
      "resolved": "packages/@koffi/win32-arm64",
      "link": true
    },
    "node_modules/@septh/koffi-win32-x64": {
      "resolved": "packages/@koffi/win32-x64",
      "link": true
    },
    "node_modules/@septh/ts-run": {
      "version": "2.0.1",
      "resolved": "https://registry.npmjs.org/@septh/ts-run/-/ts-run-2.0.1.tgz",
      "integrity": "sha512-u0z8kx9/Hzx0QQ9nqh2Khdf0ZXN2/NxaSL9Y9kje237X0s6KlnPFJNC0iElt0RYestRiCcTmKLDky/4hNnCTrg==",
      "dev": true,
      "funding": [
        {
          "type": "patreon",
          "url": "https://patreon.com/Septh"
        },
        {
          "type": "paypal",
          "url": "https://paypal.me/septh07"
        }
      ],
      "license": "MIT",
      "bin": {
        "ts-run": "bin/index.js"
      },
      "engines": {
        "node": ">=21 || ^20.6.0 || ^18.19.0"
      }
    },
    "node_modules/@types/node": {
      "version": "22.17.2",
      "resolved": "https://registry.npmjs.org/@types/node/-/node-22.17.2.tgz",
      "integrity": "sha512-gL6z5N9Jm9mhY+U2KXZpteb+09zyffliRkZyZOHODGATyC5B1Jt/7TzuuiLkFsSUMLbS1OLmlj/E+/3KF4Q/4w==",
      "dev": true,
      "license": "MIT",
      "dependencies": {
        "undici-types": "~6.21.0"
      }
    },
    "node_modules/@types/semver": {
      "version": "7.7.0",
      "resolved": "https://registry.npmjs.org/@types/semver/-/semver-7.7.0.tgz",
      "integrity": "sha512-k107IF4+Xr7UHjwDc7Cfd6PRQfbdkiRabXGRjo07b4WyPahFBZCZ1sE+BNxYIJPPg73UkfOsVOLwqVc/6ETrIA==",
      "dev": true,
      "license": "MIT"
    },
    "node_modules/koffi": {
      "version": "2.14.0",
      "resolved": "https://registry.npmjs.org/koffi/-/koffi-2.14.0.tgz",
      "integrity": "sha512-/ihgdvoeSSaX9S6nVNaZ/uPdYrpN0rIx15kgqzVdu6JPxo9jhc6Lh+dmxpURrEi8MAZcJqRLP1FFsmIF4uTZbg==",
      "dev": true,
      "hasInstallScript": true,
      "license": "MIT"
    },
    "node_modules/koffi-cream": {
      "resolved": "packages/koffi-cream",
      "link": true
    },
    "node_modules/magic-json": {
      "version": "1.1.5",
      "resolved": "https://registry.npmjs.org/magic-json/-/magic-json-1.1.5.tgz",
      "integrity": "sha512-9EecIV3bwVw8KabZbB3jvF3UzPqbDbpn6Jm3khm0Sw0CiiI7pkpVdWozZC8JWibrmvgLrX3RitM65WAtPI4VOw==",
      "dev": true,
      "funding": [
        {
          "type": "patreon",
          "url": "https://patreon.com/Septh"
        },
        {
          "type": "paypal",
          "url": "https://paypal.me/septh07"
        }
      ],
      "license": "MIT"
    },
    "node_modules/nano-spawn": {
      "version": "1.0.2",
      "resolved": "https://registry.npmjs.org/nano-spawn/-/nano-spawn-1.0.2.tgz",
      "integrity": "sha512-21t+ozMQDAL/UGgQVBbZ/xXvNO10++ZPuTmKRO8k9V3AClVRht49ahtDjfY8l1q6nSHOrE5ASfthzH3ol6R/hg==",
      "dev": true,
      "license": "MIT",
      "engines": {
        "node": ">=20.17"
      },
      "funding": {
        "url": "https://github.com/sindresorhus/nano-spawn?sponsor=1"
      }
    },
    "node_modules/semver": {
      "version": "7.7.2",
      "resolved": "https://registry.npmjs.org/semver/-/semver-7.7.2.tgz",
      "integrity": "sha512-RF0Fw+rO5AMf9MAyaRXI4AV0Ulj5lMHqVxxdSgiVbixSCXoEmmX/jk0CuJw4+3SqroYO9VoUh+HcuJivvtJemA==",
      "dev": true,
      "license": "ISC",
      "bin": {
        "semver": "bin/semver.js"
      },
      "engines": {
        "node": ">=10"
      }
    },
    "node_modules/undici-types": {
      "version": "6.21.0",
      "resolved": "https://registry.npmjs.org/undici-types/-/undici-types-6.21.0.tgz",
      "integrity": "sha512-iwDZqg0QAGrg9Rav5H4n0M64c3mkR59cJ6wQp+7C4nI0gsmExaedaYLNO44eT4AtBBwjbTiGPMlt2Md0T9H9JQ==",
      "dev": true,
      "license": "MIT"
    },
    "packages/@koffi/darwin-arm64": {
      "name": "@septh/koffi-darwin-arm64",
      "version": "0.0.1",
      "license": "MIT",
      "engines": {
        "node": "^12.22.0 || ^14.17.0 || ^15.12.0 || >= 16",
        "npm": ">= 10.4.0",
        "pnpm": ">= 7.1.0",
        "yarn": ">= 3.2.0"
      }
    },
    "packages/@koffi/darwin-x64": {
      "name": "@septh/koffi-darwin-x64",
      "version": "0.0.1",
      "license": "MIT",
      "engines": {
        "node": "^12.22.0 || ^14.17.0 || ^15.12.0 || >= 16",
        "npm": ">= 10.4.0",
        "pnpm": ">= 7.1.0",
        "yarn": ">= 3.2.0"
      }
    },
    "packages/@koffi/freebsd-arm64": {
      "name": "@septh/koffi-freebsd-arm64",
      "version": "0.0.1",
      "license": "MIT",
      "engines": {
        "node": "^12.22.0 || ^14.17.0 || ^15.12.0 || >= 16",
        "npm": ">= 10.4.0",
        "pnpm": ">= 7.1.0",
        "yarn": ">= 3.2.0"
      }
    },
    "packages/@koffi/freebsd-x64": {
      "name": "@septh/koffi-freebsd-x64",
      "version": "0.0.1",
      "license": "MIT",
      "engines": {
        "node": "^12.22.0 || ^14.17.0 || ^15.12.0 || >= 16",
        "npm": ">= 10.4.0",
        "pnpm": ">= 7.1.0",
        "yarn": ">= 3.2.0"
      }
    },
    "packages/@koffi/linux-arm64-glibc": {
      "name": "@septh/koffi-linux-arm64-glibc",
      "version": "2.12.2",
      "license": "MIT",
      "engines": {
        "node": "^12.22.0 || ^14.17.0 || ^15.12.0 || >= 16",
        "npm": ">= 10.4.0",
        "pnpm": ">= 7.1.0",
        "yarn": ">= 3.2.0"
      }
    },
    "packages/@koffi/linux-arm64-musl": {
      "name": "@septh/koffi-linux-arm64-musl",
      "version": "2.12.2",
      "license": "MIT",
      "engines": {
        "node": "^12.22.0 || ^14.17.0 || ^15.12.0 || >= 16",
        "npm": ">= 10.4.0",
        "pnpm": ">= 7.1.0",
        "yarn": ">= 3.2.0"
      }
    },
    "packages/@koffi/linux-loong64": {
      "name": "@septh/koffi-linux-loong64",
      "version": "0.0.1",
      "license": "MIT",
      "engines": {
        "node": "^12.22.0 || ^14.17.0 || ^15.12.0 || >= 16",
        "npm": ">= 10.4.0",
        "pnpm": ">= 7.1.0",
        "yarn": ">= 3.2.0"
      }
    },
    "packages/@koffi/linux-riscv64": {
      "name": "@septh/koffi-linux-riscv64",
      "version": "0.0.1",
      "license": "MIT",
      "engines": {
        "node": "^12.22.0 || ^14.17.0 || ^15.12.0 || >= 16",
        "npm": ">= 10.4.0",
        "pnpm": ">= 7.1.0",
        "yarn": ">= 3.2.0"
      }
    },
    "packages/@koffi/linux-x64-glibc": {
      "name": "@septh/koffi-linux-x64-glibc",
      "version": "0.0.1",
      "license": "MIT",
      "engines": {
        "node": "^12.22.0 || ^14.17.0 || ^15.12.0 || >= 16",
        "npm": ">= 10.4.0",
        "pnpm": ">= 7.1.0",
        "yarn": ">= 3.2.0"
      }
    },
    "packages/@koffi/linux-x64-musl": {
      "name": "@septh/koffi-linux-x64-musl",
      "version": "0.0.1",
      "license": "MIT",
      "engines": {
        "node": "^12.22.0 || ^14.17.0 || ^15.12.0 || >= 16",
        "npm": ">= 10.4.0",
        "pnpm": ">= 7.1.0",
        "yarn": ">= 3.2.0"
      }
    },
    "packages/@koffi/openbsd-x64": {
      "name": "@septh/koffi-openbsd-x64",
      "version": "0.0.1",
      "license": "MIT",
      "engines": {
        "node": "^12.22.0 || ^14.17.0 || ^15.12.0 || >= 16",
        "npm": ">= 10.4.0",
        "pnpm": ">= 7.1.0",
        "yarn": ">= 3.2.0"
      }
    },
    "packages/@koffi/win32-arm64": {
      "name": "@septh/koffi-win32-arm64",
      "version": "0.0.1",
      "license": "MIT",
      "engines": {
        "node": "^12.22.0 || ^14.17.0 || ^15.12.0 || >= 16",
        "npm": ">= 10.4.0",
        "pnpm": ">= 7.1.0",
        "yarn": ">= 3.2.0"
      }
    },
    "packages/@koffi/win32-x64": {
      "name": "@septh/koffi-win32-x64",
      "version": "0.0.1",
      "license": "MIT",
      "engines": {
        "node": "^12.22.0 || ^14.17.0 || ^15.12.0 || >= 16",
        "npm": ">= 10.4.0",
        "pnpm": ">= 7.1.0",
        "yarn": ">= 3.2.0"
      }
    },
    "packages/koffi-cream": {
      "version": "0.0.1",
      "license": "MIT",
      "engines": {
        "node": "^12.22.0 || ^14.17.0 || ^15.12.0 || >= 16",
        "npm": ">= 10.4.0",
        "pnpm": ">= 7.1.0",
        "yarn": ">= 3.2.0"
      }
    }
  }
}
